{
	"name": "segucheckv1-sveltekit",
	"version": "0.0.1",
	"lockfileVersion": 1,
	"requires": true,
	"dependencies": {
		"@babel/code-frame": {
			"version": "7.12.11",
			"resolved": "https://registry.npmjs.org/@babel/code-frame/-/code-frame-7.12.11.tgz",
			"integrity": "sha512-Zt1yodBx1UcyiePMSkWnU4hPqhwq7hGi2nFL1LeA3EUl+q2LQx16MISgJ0+z7dnmgvP9QtIleuETGOiOH1RcIw==",
			"dev": true,
			"requires": {
				"clone-deep": "^4.0.1",
				"find-cache-dir": "^2.0.0",
				"make-dir": "^2.1.0",
				"pirates": "^4.0.0",
				"source-map-support": "^0.5.16"
			}
		},
		"@babel/runtime": {
			"version": "7.15.4",
			"peer": true,
			"requires": {
				"regenerator-runtime": "^0.13.4"
			},
			"dependencies": {
				"regenerator-runtime": {
					"version": "0.13.9",
					"peer": true
				}
			}
		},
		"@babel/template": {
			"version": "7.15.4",
			"peer": true,
			"requires": {
				"@babel/code-frame": "^7.14.5",
				"@babel/parser": "^7.15.4",
				"@babel/types": "^7.15.4"
			},
			"dependencies": {
				"@babel/code-frame": {
					"version": "7.15.8",
					"peer": true,
					"requires": {
						"@babel/highlight": "^7.14.5"
					}
				}
			}
		},
		"@babel/traverse": {
			"version": "7.15.4",
			"peer": true,
			"requires": {
				"@babel/code-frame": "^7.14.5",
				"@babel/generator": "^7.15.4",
				"@babel/helper-function-name": "^7.15.4",
				"@babel/helper-hoist-variables": "^7.15.4",
				"@babel/helper-split-export-declaration": "^7.15.4",
				"@babel/parser": "^7.15.4",
				"@babel/types": "^7.15.4",
				"debug": "^4.1.0",
				"globals": "^11.1.0"
			},
			"dependencies": {
				"@babel/code-frame": {
					"version": "7.15.8",
					"peer": true,
					"requires": {
						"@babel/highlight": "^7.14.5"
					}
				},
				"globals": {
					"version": "11.12.0",
					"peer": true
				}
			}
		},
		"@babel/types": {
			"version": "7.15.6",
			"peer": true,
			"requires": {
				"@babel/helper-validator-identifier": "^7.14.9",
				"to-fast-properties": "^2.0.0"
			}
		},
		"@cspotcode/source-map-consumer": {
			"version": "0.8.0",
			"dev": true
		},
		"@cspotcode/source-map-support": {
			"version": "0.7.0",
			"dev": true,
			"requires": {
				"@cspotcode/source-map-consumer": "0.8.0"
			}
		},
		"@eslint/eslintrc": {
			"version": "0.4.3",
			"dev": true,
			"requires": {
				"ajv": "^6.12.4",
				"debug": "^4.1.1",
				"espree": "^7.3.0",
				"globals": "^13.9.0",
				"ignore": "^4.0.6",
				"import-fresh": "^3.2.1",
				"js-yaml": "^3.13.1",
				"minimatch": "^3.0.4",
				"strip-json-comments": "^3.1.1"
			},
			"dependencies": {
				"ignore": {
					"version": "4.0.6",
					"dev": true
				}
			}
		},
		"@humanwhocodes/config-array": {
			"version": "0.5.0",
			"dev": true,
			"requires": {
				"@humanwhocodes/object-schema": "^1.2.0",
				"debug": "^4.1.1",
				"minimatch": "^3.0.4"
			}
		},
		"@humanwhocodes/object-schema": {
			"version": "1.2.0",
			"dev": true
		},
		"@nodelib/fs.scandir": {
			"version": "2.1.5",
			"dev": true,
			"requires": {
				"@nodelib/fs.stat": "2.0.5",
				"run-parallel": "^1.1.9"
			}
		},
		"@nodelib/fs.stat": {
			"version": "2.0.5",
			"dev": true
		},
		"@nodelib/fs.walk": {
			"version": "1.2.8",
			"dev": true,
			"requires": {
				"@nodelib/fs.scandir": "2.1.5",
				"fastq": "^1.6.0"
			}
		},
		"@popperjs/core": {
			"version": "2.10.2"
		},
		"@prisma/client": {
			"version": "3.2.1",
			"requires": {
				"@prisma/engines-version": "3.2.1-1.b71d8cb16c4ddc7e3e9821f42fd09b0f82d7934c"
			}
		},
		"@prisma/engines": {
			"version": "3.2.1-1.b71d8cb16c4ddc7e3e9821f42fd09b0f82d7934c",
			"resolved": "https://registry.npmjs.org/@prisma/engines/-/engines-3.2.1-1.b71d8cb16c4ddc7e3e9821f42fd09b0f82d7934c.tgz",
			"integrity": "sha512-wnHODKLQGKkE2ZCHxHQEf/4Anq/EP0ZCvX++D5w34033mwZ94iZiOsEKZZ31fgki7MTh28F1VNF5ZSFdnRjgvQ==",
			"dev": true
		},
		"@prisma/engines-version": {
			"version": "3.2.1-1.b71d8cb16c4ddc7e3e9821f42fd09b0f82d7934c"
		},
		"@rollup/pluginutils": {
			"version": "4.1.1",
			"requires": {
				"estree-walker": "^2.0.1",
				"picomatch": "^2.2.2"
			}
		},
		"@sveltejs/kit": {
			"version": "1.0.0-next.184",
			"resolved": "https://registry.npmjs.org/@sveltejs/kit/-/kit-1.0.0-next.184.tgz",
			"integrity": "sha512-bQNka3td/OMmnbDEzUTmb3czPgt/y93WOyYiT14ORq/qPewoMhEtgPikfboejdZMTJESSq06s43YXmF2MzqSSA==",
			"dev": true,
			"requires": {
				"@sveltejs/vite-plugin-svelte": "^1.0.0-next.27",
				"cheap-watch": "^1.0.4",
				"sade": "^1.7.4",
				"vite": "^2.6.7"
			}
		},
		"@sveltejs/vite-plugin-svelte": {
			"version": "1.0.0-next.28",
			"resolved": "https://registry.npmjs.org/@sveltejs/vite-plugin-svelte/-/vite-plugin-svelte-1.0.0-next.28.tgz",
			"integrity": "sha512-NZlOSfogZHQFLp8Vp59tIc0grmmJeTyyxJt0o9uomeQC0hZJsA7jp8rRW7EMH7TRvo+tv1MtB9BU84lStv7xYw==",
			"dev": true,
			"requires": {
				"@rollup/pluginutils": "^4.1.1",
				"debug": "^4.3.2",
				"kleur": "^4.1.4",
				"magic-string": "^0.25.7",
				"require-relative": "^0.8.7",
				"svelte-hmr": "^0.14.7"
			}
		},
		"@tsconfig/node10": {
			"version": "1.0.8",
			"dev": true
		},
		"@tsconfig/node12": {
			"version": "1.0.9",
			"dev": true
		},
		"@tsconfig/node14": {
			"version": "1.0.1",
			"dev": true
		},
		"@tsconfig/node16": {
			"version": "1.0.2",
			"dev": true
		},
		"@types/cookie": {
			"version": "0.4.1",
			"dev": true
		},
		"@types/json-schema": {
			"version": "7.0.9",
			"dev": true
		},
		"@types/node": {
			"version": "16.11.1",
			"dev": true
		},
		"@types/pug": {
			"version": "2.0.5",
			"dev": true
		},
		"@types/sass": {
			"version": "1.16.1",
			"dev": true,
			"requires": {
				"@types/node": "*"
			}
		},
		"@typescript-eslint/eslint-plugin": {
			"version": "4.33.0",
			"dev": true,
			"requires": {
				"@typescript-eslint/experimental-utils": "4.33.0",
				"@typescript-eslint/scope-manager": "4.33.0",
				"debug": "^4.3.1",
				"functional-red-black-tree": "^1.0.1",
				"ignore": "^5.1.8",
				"regexpp": "^3.1.0",
				"semver": "^7.3.5",
				"tsutils": "^3.21.0"
			}
		},
		"@typescript-eslint/experimental-utils": {
			"version": "4.33.0",
			"dev": true,
			"requires": {
				"@types/json-schema": "^7.0.7",
				"@typescript-eslint/scope-manager": "4.33.0",
				"@typescript-eslint/types": "4.33.0",
				"@typescript-eslint/typescript-estree": "4.33.0",
				"eslint-scope": "^5.1.1",
				"eslint-utils": "^3.0.0"
			}
		},
		"@typescript-eslint/parser": {
			"version": "4.33.0",
			"dev": true,
			"requires": {
				"@typescript-eslint/scope-manager": "4.33.0",
				"@typescript-eslint/types": "4.33.0",
				"@typescript-eslint/typescript-estree": "4.33.0",
				"debug": "^4.3.1"
			}
		},
		"@typescript-eslint/scope-manager": {
			"version": "4.33.0",
			"dev": true,
			"requires": {
				"@typescript-eslint/types": "4.33.0",
				"@typescript-eslint/visitor-keys": "4.33.0"
			}
		},
		"@typescript-eslint/types": {
			"version": "4.33.0",
			"dev": true
		},
		"@typescript-eslint/typescript-estree": {
			"version": "4.33.0",
			"dev": true,
			"requires": {
				"@typescript-eslint/types": "4.33.0",
				"@typescript-eslint/visitor-keys": "4.33.0",
				"debug": "^4.3.1",
				"globby": "^11.0.3",
				"is-glob": "^4.0.1",
				"semver": "^7.3.5",
				"tsutils": "^3.21.0"
			}
		},
		"@typescript-eslint/visitor-keys": {
			"version": "4.33.0",
			"dev": true,
			"requires": {
				"@typescript-eslint/types": "4.33.0",
				"eslint-visitor-keys": "^2.0.0"
			}
		},
		"acorn": {
			"version": "7.4.1",
			"dev": true
		},
		"acorn-jsx": {
			"version": "5.3.2",
			"resolved": "https://registry.npmjs.org/acorn-jsx/-/acorn-jsx-5.3.2.tgz",
			"integrity": "sha512-rq9s+JNhf0IChjtDXxllJ7g41oZk5SlXtp0LHwyA5cejwn7vKmKp4pPri6YEePv2PU65sAsegbXtIinmDFDXgQ==",
			"dev": true
		},
		"acorn-walk": {
			"version": "8.2.0",
			"dev": true
		},
		"ajv": {
			"version": "6.12.6",
			"dev": true,
			"requires": {
				"fast-deep-equal": "^3.1.1",
				"fast-json-stable-stringify": "^2.0.0",
				"json-schema-traverse": "^0.4.1",
				"uri-js": "^4.2.2"
			}
		},
		"ansi-colors": {
			"version": "4.1.1",
			"dev": true
		},
		"ansi-regex": {
			"version": "5.0.1",
			"dev": true
		},
		"ansi-styles": {
			"version": "4.3.0",
			"dev": true,
			"requires": {
				"color-convert": "^2.0.1"
			}
		},
		"anymatch": {
			"version": "3.1.2",
			"devOptional": true,
			"requires": {
				"normalize-path": "^3.0.0",
				"picomatch": "^2.0.4"
			}
		},
		"arg": {
			"version": "4.1.3",
			"dev": true
		},
		"argparse": {
			"version": "1.0.10",
			"dev": true,
			"requires": {
				"sprintf-js": "~1.0.2"
			}
		},
		"array-union": {
			"version": "2.1.0",
			"dev": true
		},
		"astral-regex": {
			"version": "2.0.0",
			"dev": true
		},
		"babel-plugin-dynamic-import-node": {
			"version": "2.3.3",
			"peer": true,
			"requires": {
				"object.assign": "^4.1.0"
			}
		},
		"babel-plugin-package-name-import": {
			"version": "1.0.3",
			"peer": true,
			"requires": {
				"babel-runtime": "^6.25.0",
				"find-nearest-package-json": "^2.0.1"
			}
		},
		"babel-plugin-polyfill-corejs2": {
			"version": "0.2.2",
			"peer": true,
			"requires": {
				"@babel/compat-data": "^7.13.11",
				"@babel/helper-define-polyfill-provider": "^0.2.2",
				"semver": "^6.1.1"
			},
			"dependencies": {
				"semver": {
					"version": "6.3.0",
					"peer": true
				}
			}
		},
		"babel-plugin-polyfill-corejs3": {
			"version": "0.2.5",
			"peer": true,
			"requires": {
				"@babel/helper-define-polyfill-provider": "^0.2.2",
				"core-js-compat": "^3.16.2"
			}
		},
		"babel-plugin-polyfill-regenerator": {
			"version": "0.2.2",
			"peer": true,
			"requires": {
				"@babel/helper-define-polyfill-provider": "^0.2.2"
			}
		},
		"babel-preset-diff": {
			"version": "6.2.1",
			"peer": true,
			"requires": {
				"@babel/core": "^7.7.7",
				"@babel/plugin-proposal-nullish-coalescing-operator": "^7.7.4",
				"@babel/plugin-proposal-optional-chaining": "^7.7.5",
				"@babel/plugin-syntax-dynamic-import": "^7.7.4",
				"@babel/preset-env": "^7.7.7",
				"@babel/preset-flow": "^7.7.4",
				"@babel/preset-react": "^7.7.4",
				"babel-plugin-package-name-import": "^1.0.3"
			}
		},
		"babel-runtime": {
			"version": "6.26.0",
			"peer": true,
			"requires": {
				"core-js": "^2.4.0",
				"regenerator-runtime": "^0.11.0"
			}
		},
		"balanced-match": {
			"version": "1.0.2"
		},
		"binary-extensions": {
			"version": "2.2.0",
			"devOptional": true
		},
		"bootstrap": {
			"version": "5.1.3",
			"resolved": "https://registry.npmjs.org/bootstrap/-/bootstrap-5.1.3.tgz",
			"integrity": "sha512-fcQztozJ8jToQWXxVuEyXWW+dSo8AiXWKwiSSrKWsRB/Qt+Ewwza+JWoLKiTuQLaEPhdNAJ7+Dosc9DOIqNy7Q==",
			"dev": true
		},
		"brace-expansion": {
			"version": "1.1.11",
			"requires": {
				"balanced-match": "^1.0.0",
				"concat-map": "0.0.1"
			}
		},
		"braces": {
			"version": "3.0.2",
			"devOptional": true,
			"requires": {
				"fill-range": "^7.0.1"
			}
		},
		"browserslist": {
			"version": "4.17.4",
			"peer": true,
			"requires": {
				"caniuse-lite": "^1.0.30001265",
				"electron-to-chromium": "^1.3.867",
				"escalade": "^3.1.1",
				"node-releases": "^2.0.0",
				"picocolors": "^1.0.0"
			},
			"dependencies": {
				"picocolors": {
					"version": "1.0.0",
					"peer": true
				}
			}
		},
		"buffer-crc32": {
			"version": "0.2.13",
			"dev": true
		},
		"buffer-equal-constant-time": {
			"version": "1.0.1"
		},
		"buffer-from": {
			"version": "1.1.2",
			"peer": true
		},
		"build-esm": {
			"version": "4.2.2",
			"peer": true,
			"requires": {
				"@babel/core": "^7.5.5",
				"mkdirp": "^0.5.1",
				"npm-packlist": "^1.4.4",
				"overdub": "^2.5.1",
				"rimraf": "^3.0.0"
			}
		},
		"bulma": {
			"version": "0.9.3",
			"dev": true
		},
		"call-bind": {
			"version": "1.0.2",
			"peer": true,
			"requires": {
				"function-bind": "^1.1.1",
				"get-intrinsic": "^1.0.2"
			}
		},
		"callsites": {
			"version": "3.1.0",
			"dev": true
		},
		"caniuse-lite": {
			"version": "1.0.30001267",
			"peer": true
		},
		"chalk": {
			"version": "4.1.2",
			"dev": true,
			"requires": {
				"ansi-styles": "^4.1.0",
				"supports-color": "^7.1.0"
			}
		},
		"cheap-watch": {
			"version": "1.0.4"
		},
		"chokidar": {
			"version": "3.5.2",
			"devOptional": true,
			"requires": {
				"anymatch": "~3.1.2",
				"braces": "~3.0.2",
				"fsevents": "~2.3.2",
				"glob-parent": "~5.1.2",
				"is-binary-path": "~2.1.0",
				"is-glob": "~4.0.1",
				"normalize-path": "~3.0.0",
				"readdirp": "~3.6.0"
			}
		},
		"clone-deep": {
			"version": "4.0.1",
			"peer": true,
			"requires": {
				"is-plain-object": "^2.0.4",
				"kind-of": "^6.0.2",
				"shallow-clone": "^3.0.0"
			}
		},
		"color-convert": {
			"version": "2.0.1",
			"dev": true,
			"requires": {
				"color-name": "~1.1.4"
			}
		},
		"color-name": {
			"version": "1.1.4",
			"dev": true
		},
		"commondir": {
			"version": "1.0.1",
			"peer": true
		},
		"concat-map": {
			"version": "0.0.1"
		},
		"convert-source-map": {
			"version": "1.8.0",
			"peer": true,
			"requires": {
				"safe-buffer": "~5.1.1"
			}
		},
		"cookie": {
			"version": "0.4.1"
		},
		"core-js": {
			"version": "2.6.12",
			"peer": true
		},
		"core-js-compat": {
			"version": "3.18.3",
			"peer": true,
			"requires": {
				"browserslist": "^4.17.3",
				"semver": "7.0.0"
			},
			"dependencies": {
				"semver": {
					"version": "7.0.0",
					"peer": true
				}
			}
		},
		"create-require": {
			"version": "1.1.1",
			"dev": true
		},
		"cross-spawn": {
			"version": "7.0.3",
			"dev": true,
			"requires": {
				"path-key": "^3.1.0",
				"shebang-command": "^2.0.0",
				"which": "^2.0.1"
			}
		},
		"debug": {
			"version": "4.3.2",
			"requires": {
				"ms": "2.1.2"
			}
		},
		"deep-is": {
			"version": "0.1.4",
			"dev": true
		},
		"define-properties": {
			"version": "1.1.3",
			"peer": true,
			"requires": {
				"object-keys": "^1.0.12"
			}
		},
		"detect-indent": {
			"version": "6.1.0",
			"dev": true
		},
		"diff": {
			"version": "4.0.2",
			"dev": true
		},
		"dir-glob": {
			"version": "3.0.1",
			"dev": true,
			"requires": {
				"path-type": "^4.0.0"
			}
		},
		"doctrine": {
			"version": "3.0.0",
			"dev": true,
			"requires": {
				"esutils": "^2.0.2"
			}
		},
		"dotenv": {
			"version": "10.0.0"
		},
		"ecdsa-sig-formatter": {
			"version": "1.0.11",
			"requires": {
				"safe-buffer": "^5.0.1"
			}
		},
		"electron-to-chromium": {
			"version": "1.3.871",
			"peer": true
		},
		"emoji-regex": {
			"version": "8.0.0",
			"dev": true
		},
		"enquirer": {
			"version": "2.3.6",
			"dev": true,
			"requires": {
				"ansi-colors": "^4.1.1"
			}
		},
		"es6-promise": {
			"version": "3.3.1",
			"dev": true
		},
		"esbuild": {
			"version": "0.13.7",
			"resolved": "https://registry.npmjs.org/esbuild/-/esbuild-0.13.7.tgz",
			"integrity": "sha512-Ok3w+Pc9SNdNVEEJUUx9OvNZHwFyoKS0N+ceytfUB3wh/HxhRkOEc9dO8KR9AjfpFI82/Wg258GRDs1/8SFgKQ==",
			"dev": true,
			"requires": {
				"esbuild-android-arm64": "0.13.7",
				"esbuild-darwin-64": "0.13.7",
				"esbuild-darwin-arm64": "0.13.7",
				"esbuild-freebsd-64": "0.13.7",
				"esbuild-freebsd-arm64": "0.13.7",
				"esbuild-linux-32": "0.13.7",
				"esbuild-linux-64": "0.13.7",
				"esbuild-linux-arm": "0.13.7",
				"esbuild-linux-arm64": "0.13.7",
				"esbuild-linux-mips64le": "0.13.7",
				"esbuild-linux-ppc64le": "0.13.7",
				"esbuild-netbsd-64": "0.13.7",
				"esbuild-openbsd-64": "0.13.7",
				"esbuild-sunos-64": "0.13.7",
				"esbuild-windows-32": "0.13.7",
				"esbuild-windows-64": "0.13.7",
				"esbuild-windows-arm64": "0.13.7"
			}
		},
		"esbuild-android-arm64": {
			"version": "0.13.7",
			"resolved": "https://registry.npmjs.org/esbuild-android-arm64/-/esbuild-android-arm64-0.13.7.tgz",
			"integrity": "sha512-yqCTKzmm3jiUXgi0yeKhvwZCZTqClUXwwMRAntcM9u/xvXhmpw0V0Z4qDEpnkmF2NCMzmJRH+DAAQ5whuf3CYA==",
			"dev": true,
			"optional": true
		},
		"esbuild-darwin-64": {
			"version": "0.13.7",
			"resolved": "https://registry.npmjs.org/esbuild-darwin-64/-/esbuild-darwin-64-0.13.7.tgz",
			"integrity": "sha512-MvsgMUWzq5FxoeJLSavw3rgQbaC55A8QTI1U2/8MWamtAeDKyzWQnglcsF0/TkjGLaKEqS0ZLo8akJ8q34BCtw==",
			"dev": true,
			"optional": true
		},
		"esbuild-darwin-arm64": {
			"version": "0.13.7",
			"resolved": "https://registry.npmjs.org/esbuild-darwin-arm64/-/esbuild-darwin-arm64-0.13.7.tgz",
			"integrity": "sha512-tuP+dpIzXj17UC17VkHFDAH5nB7MajJK7sF8Fz4iVo8cml8YXj3MeNtjjLmx9YFvPs4XW3hFw1eqZJ06h2ssIA==",
			"dev": true,
			"optional": true
		},
		"esbuild-freebsd-64": {
			"version": "0.13.7",
			"resolved": "https://registry.npmjs.org/esbuild-freebsd-64/-/esbuild-freebsd-64-0.13.7.tgz",
			"integrity": "sha512-p07TrpkCJJyAXXCXFm2IpAvyASUTcuT0OF43riEsgjuRJmtaNBOUENecr2B2k/zd9wkGz6UyxxtnFntaBttkDg==",
			"dev": true,
			"optional": true
		},
		"esbuild-freebsd-arm64": {
			"version": "0.13.7",
			"resolved": "https://registry.npmjs.org/esbuild-freebsd-arm64/-/esbuild-freebsd-arm64-0.13.7.tgz",
			"integrity": "sha512-MCtfBRkE1GwAnjVoWPYoZ+S/+zanzWxAJVER1/8jmWobCXJG0w+YM2IXQ2fN4T9U96RusFWQDMJVoACnqhIAzg==",
			"dev": true,
			"optional": true
		},
		"esbuild-linux-32": {
			"version": "0.13.7",
			"resolved": "https://registry.npmjs.org/esbuild-linux-32/-/esbuild-linux-32-0.13.7.tgz",
			"integrity": "sha512-HM4d16XbqToo93LPrgzkiLgX3Xgr9Mw67tEM8vjhHDx18JnaZqPdIsl5ZfCqRGHlLUq+GdFKl6+dH7WlsiWMCA==",
			"dev": true,
			"optional": true
		},
		"esbuild-linux-64": {
			"version": "0.13.7",
			"resolved": "https://registry.npmjs.org/esbuild-linux-64/-/esbuild-linux-64-0.13.7.tgz",
			"integrity": "sha512-krgiIEyqcS0kfTjptGEQzdYwiEmmqpmiZHlKqZILVuU5BaIVWCBMmVx20HH9waJw1yT0Ao4fZTZ9kg8s/pKAYA==",
			"dev": true,
			"optional": true
		},
		"esbuild-linux-arm": {
			"version": "0.13.7",
			"resolved": "https://registry.npmjs.org/esbuild-linux-arm/-/esbuild-linux-arm-0.13.7.tgz",
			"integrity": "sha512-GOAt1brGG14mmQx2sRD3wHi3rih94OzhmDRVyo7JvlSmWOfEczPf7zL7YfmgjuktvvuLTERtTJzaih7nyCwPOg==",
			"dev": true,
			"optional": true
		},
		"esbuild-linux-arm64": {
			"version": "0.13.7",
			"resolved": "https://registry.npmjs.org/esbuild-linux-arm64/-/esbuild-linux-arm64-0.13.7.tgz",
			"integrity": "sha512-aM2BUTdbtzEUOuLqDusGCuWQRqc0JazgbA/6+Q9xhUgNLHGUMAsu4C5G0qPnJCTlWGZX+bcQYma6wFVEp9ibBg==",
			"dev": true,
			"optional": true
		},
		"esbuild-linux-mips64le": {
			"version": "0.13.7",
			"resolved": "https://registry.npmjs.org/esbuild-linux-mips64le/-/esbuild-linux-mips64le-0.13.7.tgz",
			"integrity": "sha512-+UJq6cxpc2ldaQFdpEDrBhqhluXsqCNlWiHccIjq25r+3YbFg0c/RJEypoVU7tjhGXUGWyWWQ7SLkzHYpf+Nsg==",
			"dev": true,
			"optional": true
		},
		"esbuild-linux-ppc64le": {
			"version": "0.13.7",
			"resolved": "https://registry.npmjs.org/esbuild-linux-ppc64le/-/esbuild-linux-ppc64le-0.13.7.tgz",
			"integrity": "sha512-6zwpliO4ZZtodDYM1JJEmSMpkd07I8bnNOKoHe7TOs9VhylXJooHh5ObSbSvk3FxCBs+jL5bxb24p10/Cg4RGw==",
			"dev": true,
			"optional": true
		},
		"esbuild-netbsd-64": {
			"version": "0.13.7",
			"resolved": "https://registry.npmjs.org/esbuild-netbsd-64/-/esbuild-netbsd-64-0.13.7.tgz",
			"integrity": "sha512-CfTHeTfJWlwjgfpApXYvECytLD6BzTWovLE0+28KT7bjU5fM4ieDYzRvjWjFAOB2X6DWpaoQnJAlhJirQBW0EQ==",
			"dev": true,
			"optional": true
		},
		"esbuild-openbsd-64": {
			"version": "0.13.7",
			"resolved": "https://registry.npmjs.org/esbuild-openbsd-64/-/esbuild-openbsd-64-0.13.7.tgz",
			"integrity": "sha512-qfW+f0MQfl72zVwgbV00I1kAP2zty+N031cNnQINcBmzHOSbEbaBQbUM0kawq+wdfgS/Xmppgf7nD1H8GWAvow==",
			"dev": true,
			"optional": true
		},
		"esbuild-sunos-64": {
			"version": "0.13.7",
			"resolved": "https://registry.npmjs.org/esbuild-sunos-64/-/esbuild-sunos-64-0.13.7.tgz",
			"integrity": "sha512-fVRM9mV0wAYLt92IqzudxACMLJZRQFx1oJsNeU4fPFmUxIkYE4C7G7z9vqI2eu9bpDo1fA+3+5djo/T/28Mckg==",
			"dev": true,
			"optional": true
		},
		"esbuild-windows-32": {
			"version": "0.13.7",
			"resolved": "https://registry.npmjs.org/esbuild-windows-32/-/esbuild-windows-32-0.13.7.tgz",
			"integrity": "sha512-v3csjeQtlHHWS1q/tE9rTRCSSU/fGvJVh1l7gkS93ysAaIMeC0j9Q0h2PxFpQ6yxuwftuDYfQdnkVGcqjkKM8A==",
			"dev": true,
			"optional": true
		},
		"esbuild-windows-64": {
			"version": "0.13.7",
			"resolved": "https://registry.npmjs.org/esbuild-windows-64/-/esbuild-windows-64-0.13.7.tgz",
			"integrity": "sha512-vk+yv/vYpHZP0vxSaxaA4EMaicuxy4E435EXkbsgk5UgpcQgSP0CVlIeaqtgfSM3IwGnpbagOirRVqqZqxyMDQ==",
			"dev": true,
			"optional": true
		},
		"esbuild-windows-arm64": {
			"version": "0.13.7",
			"resolved": "https://registry.npmjs.org/esbuild-windows-arm64/-/esbuild-windows-arm64-0.13.7.tgz",
			"integrity": "sha512-0Fp+IeG5qWLCK+U6d8L9/SnXkI6f3JMtauSQ8HHzw3Fl0pZ+VImUAUWZ3g2fhthNqp+t8dB3n238CJD6XBn15w==",
			"dev": true,
			"optional": true
		},
		"escape-string-regexp": {
			"version": "4.0.0",
			"dev": true
		},
		"eslint": {
			"version": "7.32.0",
			"dev": true,
			"requires": {
				"@babel/code-frame": "7.12.11",
				"@eslint/eslintrc": "^0.4.3",
				"@humanwhocodes/config-array": "^0.5.0",
				"ajv": "^6.10.0",
				"chalk": "^4.0.0",
				"cross-spawn": "^7.0.2",
				"debug": "^4.0.1",
				"doctrine": "^3.0.0",
				"enquirer": "^2.3.5",
				"escape-string-regexp": "^4.0.0",
				"eslint-scope": "^5.1.1",
				"eslint-utils": "^2.1.0",
				"eslint-visitor-keys": "^2.0.0",
				"espree": "^7.3.1",
				"esquery": "^1.4.0",
				"esutils": "^2.0.2",
				"fast-deep-equal": "^3.1.3",
				"file-entry-cache": "^6.0.1",
				"functional-red-black-tree": "^1.0.1",
				"glob-parent": "^5.1.2",
				"globals": "^13.6.0",
				"ignore": "^4.0.6",
				"import-fresh": "^3.0.0",
				"imurmurhash": "^0.1.4",
				"is-glob": "^4.0.0",
				"js-yaml": "^3.13.1",
				"json-stable-stringify-without-jsonify": "^1.0.1",
				"levn": "^0.4.1",
				"lodash.merge": "^4.6.2",
				"minimatch": "^3.0.4",
				"natural-compare": "^1.4.0",
				"optionator": "^0.9.1",
				"progress": "^2.0.0",
				"regexpp": "^3.1.0",
				"semver": "^7.2.1",
				"strip-ansi": "^6.0.0",
				"strip-json-comments": "^3.1.0",
				"table": "^6.0.9",
				"text-table": "^0.2.0",
				"v8-compile-cache": "^2.0.3"
			},
			"dependencies": {
				"eslint-utils": {
					"version": "2.1.0",
					"dev": true,
					"requires": {
						"eslint-visitor-keys": "^1.1.0"
					},
					"dependencies": {
						"eslint-visitor-keys": {
							"version": "1.3.0",
							"dev": true
						}
					}
				},
				"ignore": {
					"version": "4.0.6",
					"dev": true
				}
			}
		},
		"eslint-config-prettier": {
			"version": "8.3.0",
			"resolved": "https://registry.npmjs.org/eslint-config-prettier/-/eslint-config-prettier-8.3.0.tgz",
			"integrity": "sha512-BgZuLUSeKzvlL/VUjx/Yb787VQ26RU3gGjA3iiFvdsp/2bMfVIWUVP7tjxtjS0e+HP409cPlPvNkQloz8C91ew==",
			"dev": true
		},
		"eslint-plugin-svelte3": {
			"version": "3.2.1",
			"resolved": "https://registry.npmjs.org/eslint-plugin-svelte3/-/eslint-plugin-svelte3-3.2.1.tgz",
			"integrity": "sha512-YoBR9mLoKCjGghJ/gvpnFZKaMEu/VRcuxpSRS8KuozuEo7CdBH7bmBHa6FmMm0i4kJnOyx+PVsaptz96K6H/4Q==",
			"dev": true
		},
		"eslint-scope": {
			"version": "5.1.1",
			"dev": true,
			"requires": {
				"esrecurse": "^4.3.0",
				"estraverse": "^4.1.1"
			}
		},
		"eslint-utils": {
			"version": "3.0.0",
			"dev": true,
			"requires": {
				"eslint-visitor-keys": "^2.0.0"
			}
		},
		"eslint-visitor-keys": {
			"version": "2.1.0",
			"dev": true
		},
		"espree": {
			"version": "7.3.1",
			"dev": true,
			"requires": {
				"acorn": "^7.4.0",
				"acorn-jsx": "^5.3.1",
				"eslint-visitor-keys": "^1.3.0"
			},
			"dependencies": {
				"eslint-visitor-keys": {
					"version": "1.3.0",
					"dev": true
				}
			}
		},
		"esprima": {
			"version": "4.0.1",
			"dev": true
		},
		"esquery": {
			"version": "1.4.0",
			"dev": true,
			"requires": {
				"estraverse": "^5.1.0"
			},
			"dependencies": {
				"estraverse": {
					"version": "5.2.0",
					"dev": true
				}
			}
		},
		"esrecurse": {
			"version": "4.3.0",
			"dev": true,
			"requires": {
				"estraverse": "^5.2.0"
			},
			"dependencies": {
				"estraverse": {
					"version": "5.2.0",
					"dev": true
				}
			}
		},
		"estraverse": {
			"version": "4.3.0",
			"dev": true
		},
		"estree-walker": {
			"version": "2.0.2"
		},
		"esutils": {
			"version": "2.0.3"
		},
		"fast-deep-equal": {
			"version": "3.1.3",
			"dev": true
		},
		"fast-glob": {
			"version": "3.2.7",
			"dev": true,
			"requires": {
				"@nodelib/fs.stat": "^2.0.2",
				"@nodelib/fs.walk": "^1.2.3",
				"glob-parent": "^5.1.2",
				"merge2": "^1.3.0",
				"micromatch": "^4.0.4"
			}
		},
		"fast-json-stable-stringify": {
			"version": "2.1.0",
			"dev": true
		},
		"fast-levenshtein": {
			"version": "2.0.6",
			"dev": true
		},
		"fastq": {
			"version": "1.13.0",
			"dev": true,
			"requires": {
				"reusify": "^1.0.4"
			}
		},
		"file-entry-cache": {
			"version": "6.0.1",
			"dev": true,
			"requires": {
				"flat-cache": "^3.0.4"
			}
		},
		"filepond": {
			"version": "4.30.3"
		},
		"fill-range": {
			"version": "7.0.1",
			"devOptional": true,
			"requires": {
				"to-regex-range": "^5.0.1"
			}
		},
		"find-cache-dir": {
			"version": "2.1.0",
			"peer": true,
			"requires": {
				"commondir": "^1.0.1",
				"make-dir": "^2.0.0",
				"pkg-dir": "^3.0.0"
			}
		},
		"find-nearest-package-json": {
			"version": "2.0.1",
			"peer": true
		},
		"find-up": {
			"version": "3.0.0",
			"peer": true,
			"requires": {
				"locate-path": "^3.0.0"
			}
		},
		"flat-cache": {
			"version": "3.0.4",
			"dev": true,
			"requires": {
				"flatted": "^3.1.0",
				"rimraf": "^3.0.2"
			}
		},
		"flatted": {
			"version": "3.2.2",
			"dev": true
		},
		"fs.realpath": {
			"version": "1.0.0"
		},
		"fsevents": {
			"version": "2.3.2",
			"resolved": "https://registry.npmjs.org/fsevents/-/fsevents-2.3.2.tgz",
			"integrity": "sha512-xiqMQR4xAeHTuB9uWm+fFRcIOgKBMiOBP+eXiyT7jsgVCq1bkVygt00oASowB7EdtpOHaaPgKt812P9ab+DDKA==",
			"optional": true
		},
		"function-bind": {
			"version": "1.1.1"
		},
		"functional-red-black-tree": {
			"version": "1.0.1",
			"dev": true
		},
		"gensync": {
			"version": "1.0.0-beta.2",
			"peer": true
		},
		"get-intrinsic": {
			"version": "1.1.1",
			"peer": true,
			"requires": {
				"function-bind": "^1.1.1",
				"has": "^1.0.3",
				"has-symbols": "^1.0.1"
			}
		},
		"glob": {
			"version": "7.2.0",
			"requires": {
				"fs.realpath": "^1.0.0",
				"inflight": "^1.0.4",
				"inherits": "2",
				"minimatch": "^3.0.4",
				"once": "^1.3.0",
				"path-is-absolute": "^1.0.0"
			}
		},
		"glob-parent": {
			"version": "5.1.2",
			"devOptional": true,
			"requires": {
				"is-glob": "^4.0.1"
			}
		},
		"globals": {
			"version": "13.11.0",
			"dev": true,
			"requires": {
				"type-fest": "^0.20.2"
			}
		},
		"globby": {
			"version": "11.0.4",
			"dev": true,
			"requires": {
				"array-union": "^2.1.0",
				"dir-glob": "^3.0.1",
				"fast-glob": "^3.1.1",
				"ignore": "^5.1.4",
				"merge2": "^1.3.0",
				"slash": "^3.0.0"
			}
		},
		"graceful-fs": {
			"version": "4.2.8",
			"dev": true
		},
		"has": {
			"version": "1.0.3",
			"requires": {
				"function-bind": "^1.1.1"
			}
		},
		"has-flag": {
			"version": "4.0.0",
			"dev": true
		},
		"has-symbols": {
			"version": "1.0.2",
			"peer": true
		},
		"ignore": {
			"version": "5.1.8",
			"dev": true
		},
		"ignore-walk": {
			"version": "3.0.4",
			"peer": true,
			"requires": {
				"minimatch": "^3.0.4"
			}
		},
		"import-fresh": {
			"version": "3.3.0",
			"dev": true,
			"requires": {
				"parent-module": "^1.0.0",
				"resolve-from": "^4.0.0"
			}
		},
		"imurmurhash": {
			"version": "0.1.4",
			"dev": true
		},
		"inflight": {
			"version": "1.0.6",
			"requires": {
				"once": "^1.3.0",
				"wrappy": "1"
			}
		},
		"inherits": {
			"version": "2.0.4"
		},
		"is-binary-path": {
			"version": "2.1.0",
			"devOptional": true,
			"requires": {
				"binary-extensions": "^2.0.0"
			}
		},
		"is-core-module": {
			"version": "2.8.0",
			"resolved": "https://registry.npmjs.org/is-core-module/-/is-core-module-2.8.0.tgz",
			"integrity": "sha512-vd15qHsaqrRL7dtH6QNuy0ndJmRDrS9HAM1CAiSifNUFv4x1a0CCVsj18hJ1mShxIG6T2i1sO78MkP56r0nYRw==",
			"dev": true,
			"requires": {
				"has": "^1.0.3"
			}
		},
		"is-extglob": {
			"version": "2.1.1",
			"devOptional": true
		},
		"is-fullwidth-code-point": {
			"version": "3.0.0",
			"dev": true
		},
		"is-glob": {
			"version": "4.0.3",
			"devOptional": true,
			"requires": {
				"is-extglob": "^2.1.1"
			}
		},
		"is-number": {
			"version": "7.0.0",
			"devOptional": true
		},
		"is-plain-object": {
			"version": "2.0.4",
			"peer": true,
			"requires": {
				"isobject": "^3.0.1"
			}
		},
		"isexe": {
			"version": "2.0.0",
			"dev": true
		},
		"isobject": {
			"version": "3.0.1",
			"peer": true
		},
		"js-tokens": {
			"version": "4.0.0"
		},
		"js-yaml": {
			"version": "3.14.1",
			"dev": true,
			"requires": {
				"argparse": "^1.0.7",
				"esprima": "^4.0.0"
			}
		},
		"jsesc": {
			"version": "2.5.2",
			"peer": true
		},
		"json-schema-traverse": {
			"version": "0.4.1",
			"dev": true
		},
		"json-stable-stringify-without-jsonify": {
			"version": "1.0.1",
			"dev": true
		},
		"json5": {
			"version": "2.2.0",
			"peer": true,
			"requires": {
				"minimist": "^1.2.5"
			}
		},
		"jsonwebtoken": {
			"version": "8.5.1",
			"requires": {
				"jws": "^3.2.2",
				"lodash.includes": "^4.3.0",
				"lodash.isboolean": "^3.0.3",
				"lodash.isinteger": "^4.0.4",
				"lodash.isnumber": "^3.0.3",
				"lodash.isplainobject": "^4.0.6",
				"lodash.isstring": "^4.0.1",
				"lodash.once": "^4.0.0",
				"ms": "^2.1.1",
				"semver": "^5.6.0"
			},
			"dependencies": {
				"semver": {
					"version": "5.7.1"
				}
			}
		},
		"jwa": {
			"version": "1.4.1",
			"requires": {
				"buffer-equal-constant-time": "1.0.1",
				"ecdsa-sig-formatter": "1.0.11",
				"safe-buffer": "^5.0.1"
			}
		},
		"jws": {
			"version": "3.2.2",
			"requires": {
				"jwa": "^1.4.1",
				"safe-buffer": "^5.0.1"
			}
		},
		"kind-of": {
			"version": "6.0.3",
			"peer": true
		},
		"kleur": {
			"version": "4.1.4"
		},
		"levn": {
			"version": "0.4.1",
			"dev": true,
			"requires": {
				"prelude-ls": "^1.2.1",
				"type-check": "~0.4.0"
			}
		},
		"locate-path": {
			"version": "3.0.0",
			"peer": true,
			"requires": {
				"p-locate": "^3.0.0",
				"path-exists": "^3.0.0"
			}
		},
		"lodash.clonedeep": {
			"version": "4.5.0",
			"dev": true
		},
		"lodash.debounce": {
			"version": "4.0.8",
			"peer": true
		},
		"lodash.includes": {
			"version": "4.3.0"
		},
		"lodash.isboolean": {
			"version": "3.0.3"
		},
		"lodash.isinteger": {
			"version": "4.0.4"
		},
		"lodash.isnumber": {
			"version": "3.0.3"
		},
		"lodash.isplainobject": {
			"version": "4.0.6"
		},
		"lodash.isstring": {
			"version": "4.0.1"
		},
		"lodash.merge": {
			"version": "4.6.2",
			"dev": true
		},
		"lodash.once": {
			"version": "4.1.1"
		},
		"lodash.truncate": {
			"version": "4.4.2",
			"dev": true
		},
		"lru-cache": {
			"version": "6.0.0",
			"dev": true,
			"requires": {
				"yallist": "^4.0.0"
			}
		},
		"magic-string": {
			"version": "0.25.7",
			"requires": {
				"sourcemap-codec": "^1.4.4"
			}
		},
		"make-dir": {
			"version": "2.1.0",
			"peer": true,
			"requires": {
				"pify": "^4.0.1",
				"semver": "^5.6.0"
			},
			"dependencies": {
				"semver": {
					"version": "5.7.1",
					"peer": true
				}
			}
		},
		"make-error": {
			"version": "1.3.6",
			"dev": true
		},
		"merge2": {
			"version": "1.4.1",
			"dev": true
		},
		"micromatch": {
			"version": "4.0.4",
			"dev": true,
			"requires": {
				"braces": "^3.0.1",
				"picomatch": "^2.2.3"
			}
		},
		"min-indent": {
			"version": "1.0.1",
			"dev": true
		},
		"minimatch": {
			"version": "3.0.4",
			"requires": {
				"brace-expansion": "^1.1.7"
			}
		},
		"minimist": {
			"version": "1.2.5"
		},
		"mkdirp": {
			"version": "0.5.5",
			"requires": {
				"minimist": "^1.2.5"
			}
		},
		"mri": {
			"version": "1.2.0"
		},
		"ms": {
			"version": "2.1.2"
		},
		"nanoid": {
			"version": "3.1.30",
			"resolved": "https://registry.npmjs.org/nanoid/-/nanoid-3.1.30.tgz",
			"integrity": "sha512-zJpuPDwOv8D2zq2WRoMe1HsfZthVewpel9CAvTfc/2mBD1uUT/agc5f7GHGWXlYkFvi1mVxe4IjvP2HNrop7nQ==",
			"dev": true
		},
		"natural-compare": {
			"version": "1.4.0",
			"dev": true
		},
		"node-modules-regexp": {
			"version": "1.0.0",
			"peer": true
		},
		"node-releases": {
			"version": "2.0.0",
			"peer": true
		},
		"normalize-path": {
			"version": "3.0.0",
			"devOptional": true
		},
		"npm-bundled": {
			"version": "1.1.2",
			"peer": true,
			"requires": {
				"npm-normalize-package-bin": "^1.0.1"
			}
		},
		"npm-normalize-package-bin": {
			"version": "1.0.1",
			"peer": true
		},
		"npm-packlist": {
			"version": "1.4.8",
			"peer": true,
			"requires": {
				"ignore-walk": "^3.0.1",
				"npm-bundled": "^1.0.1",
				"npm-normalize-package-bin": "^1.0.1"
			}
		},
		"object-keys": {
			"version": "1.1.1",
			"peer": true
		},
		"object.assign": {
			"version": "4.1.2",
			"peer": true,
			"requires": {
				"call-bind": "^1.0.0",
				"define-properties": "^1.1.3",
				"has-symbols": "^1.0.1",
				"object-keys": "^1.1.1"
			}
		},
		"once": {
			"version": "1.4.0",
			"requires": {
				"wrappy": "1"
			}
		},
		"optionator": {
			"version": "0.9.1",
			"dev": true,
			"requires": {
				"deep-is": "^0.1.3",
				"fast-levenshtein": "^2.0.6",
				"levn": "^0.4.1",
				"prelude-ls": "^1.2.1",
				"type-check": "^0.4.0",
				"word-wrap": "^1.2.3"
			}
		},
		"overdub": {
			"version": "2.5.2",
			"peer": true,
			"requires": {
				"@babel/core": "^7.7.7",
				"@babel/register": "^7.7.7",
				"babel-preset-diff": "^6.2.1"
			}
		},
		"p-limit": {
			"version": "2.3.0",
			"peer": true,
			"requires": {
				"p-try": "^2.0.0"
			}
		},
		"p-locate": {
			"version": "3.0.0",
			"peer": true,
			"requires": {
				"p-limit": "^2.0.0"
			}
		},
		"p-try": {
			"version": "2.2.0",
			"peer": true
		},
		"parent-module": {
			"version": "1.0.1",
			"dev": true,
			"requires": {
				"callsites": "^3.0.0"
			}
		},
		"path-exists": {
			"version": "3.0.0",
			"peer": true
		},
		"path-is-absolute": {
			"version": "1.0.1"
		},
		"path-key": {
			"version": "3.1.1",
			"dev": true
		},
		"path-parse": {
			"version": "1.0.7"
		},
		"path-type": {
			"version": "4.0.0",
			"dev": true
		},
		"picocolors": {
			"version": "0.2.1"
		},
		"picomatch": {
			"version": "2.3.0"
		},
		"pify": {
			"version": "4.0.1",
			"peer": true
		},
		"pirates": {
			"version": "4.0.1",
			"peer": true,
			"requires": {
				"node-modules-regexp": "^1.0.0"
			}
		},
		"pkg-dir": {
			"version": "3.0.0",
			"peer": true,
			"requires": {
				"find-up": "^3.0.0"
			}
		},
		"postcss": {
			"version": "8.3.9",
			"requires": {
				"nanoid": "^3.1.28",
				"picocolors": "^0.2.1",
				"source-map-js": "^0.6.2"
			}
		},
		"prelude-ls": {
			"version": "1.2.1",
			"dev": true
		},
		"prettier": {
			"version": "2.4.1",
			"dev": true
		},
		"prettier-plugin-svelte": {
			"version": "2.4.0",
			"resolved": "https://registry.npmjs.org/prettier-plugin-svelte/-/prettier-plugin-svelte-2.4.0.tgz",
			"integrity": "sha512-JwJ9bOz4XHLQtiLnX4mTSSDUdhu12WH8sTwy/XTDCSyPlah6IcV7NWeYBZscPEcceu2YnW8Y9sJCP40Z2UH9GA==",
			"dev": true
		},
		"prisma": {
			"version": "3.2.1",
			"resolved": "https://registry.npmjs.org/prisma/-/prisma-3.2.1.tgz",
			"integrity": "sha512-nXhldcFYemNSMqdTAEziggVWBNbCHTrr0amkCJruP3G2AFpzxrKtksPRLYNetxdKMJAt7aRRumusbtmTTDgyzw==",
			"dev": true,
			"requires": {
				"@prisma/engines": "3.2.1-1.b71d8cb16c4ddc7e3e9821f42fd09b0f82d7934c"
			}
		},
		"progress": {
			"version": "2.0.3",
			"dev": true
		},
		"punycode": {
			"version": "2.1.1",
			"dev": true
		},
		"queue-microtask": {
			"version": "1.2.3",
			"dev": true
		},
		"readdirp": {
			"version": "3.6.0",
			"devOptional": true,
			"requires": {
				"picomatch": "^2.2.1"
			}
		},
		"regenerate": {
			"version": "1.4.2",
			"peer": true
		},
		"regenerate-unicode-properties": {
			"version": "9.0.0",
			"peer": true,
			"requires": {
				"regenerate": "^1.4.2"
			}
		},
		"regenerator-runtime": {
			"version": "0.11.1",
			"peer": true
		},
		"regenerator-transform": {
			"version": "0.14.5",
			"peer": true,
			"requires": {
				"@babel/runtime": "^7.8.4"
			}
		},
		"regexpp": {
			"version": "3.2.0",
			"dev": true
		},
		"regexpu-core": {
			"version": "4.8.0",
			"peer": true,
			"requires": {
				"regenerate": "^1.4.2",
				"regenerate-unicode-properties": "^9.0.0",
				"regjsgen": "^0.5.2",
				"regjsparser": "^0.7.0",
				"unicode-match-property-ecmascript": "^2.0.0",
				"unicode-match-property-value-ecmascript": "^2.0.0"
			}
		},
		"regjsgen": {
			"version": "0.5.2",
			"peer": true
		},
		"regjsparser": {
			"version": "0.7.0",
			"peer": true,
			"requires": {
				"jsesc": "~0.5.0"
			},
			"dependencies": {
				"jsesc": {
					"version": "0.5.0",
					"peer": true
				}
			}
		},
		"require-from-string": {
			"version": "2.0.2",
			"dev": true
		},
		"require-relative": {
			"version": "0.8.7"
		},
		"resolve": {
			"version": "1.20.0",
			"requires": {
				"is-core-module": "^2.2.0",
				"path-parse": "^1.0.6"
			}
		},
		"resolve-from": {
			"version": "4.0.0",
			"dev": true
		},
		"reusify": {
			"version": "1.0.4",
			"dev": true
		},
		"rimraf": {
			"version": "3.0.2",
			"requires": {
				"glob": "^7.1.3"
			}
		},
		"rollup": {
			"version": "2.58.0",
			"requires": {
				"fsevents": "~2.3.2"
			}
		},
		"run-parallel": {
			"version": "1.2.0",
			"dev": true,
			"requires": {
				"queue-microtask": "^1.2.2"
			}
		},
		"sade": {
			"version": "1.7.4",
			"requires": {
				"mri": "^1.1.0"
			}
		},
		"safe-buffer": {
			"version": "5.1.2"
		},
		"sander": {
			"version": "0.5.1",
			"dev": true,
			"requires": {
				"es6-promise": "^3.1.2",
				"graceful-fs": "^4.1.3",
				"mkdirp": "^0.5.1",
				"rimraf": "^2.5.2"
			},
			"dependencies": {
				"rimraf": {
					"version": "2.7.1",
					"dev": true,
					"requires": {
						"glob": "^7.1.3"
					}
				}
			}
		},
		"sass": {
			"version": "1.43.2",
			"resolved": "https://registry.npmjs.org/sass/-/sass-1.43.2.tgz",
			"integrity": "sha512-DncYhjl3wBaPMMJR0kIUaH3sF536rVrOcqqVGmTZHQRRzj7LQlyGV7Mb8aCKFyILMr5VsPHwRYtyKpnKYlmQSQ==",
			"dev": true,
			"requires": {
				"chokidar": ">=3.0.0 <4.0.0"
			}
		},
		"semver": {
			"version": "7.3.5",
			"dev": true,
			"requires": {
				"lru-cache": "^6.0.0"
			}
		},
		"shallow-clone": {
			"version": "3.0.1",
			"peer": true,
			"requires": {
				"kind-of": "^6.0.2"
			}
		},
		"shebang-command": {
			"version": "2.0.0",
			"dev": true,
			"requires": {
				"shebang-regex": "^3.0.0"
			}
		},
		"shebang-regex": {
			"version": "3.0.0",
			"dev": true
		},
		"sk-auth": {
			"version": "0.3.7",
			"requires": {
				"cookie": "^0.4.1",
				"jsonwebtoken": "^8.5.1"
			}
		},
		"slash": {
			"version": "3.0.0",
			"dev": true
		},
		"slice-ansi": {
			"version": "4.0.0",
			"dev": true,
			"requires": {
				"ansi-styles": "^4.0.0",
				"astral-regex": "^2.0.0",
				"is-fullwidth-code-point": "^3.0.0"
			}
		},
		"sorcery": {
			"version": "0.10.0",
			"dev": true,
			"requires": {
				"buffer-crc32": "^0.2.5",
				"minimist": "^1.2.0",
				"sander": "^0.5.0",
				"sourcemap-codec": "^1.3.0"
			}
		},
		"source-map": {
			"version": "0.7.3",
			"dev": true
		},
		"source-map-js": {
			"version": "0.6.2"
		},
		"source-map-support": {
			"version": "0.5.20",
			"peer": true,
			"requires": {
				"buffer-from": "^1.0.0",
				"source-map": "^0.6.0"
			},
			"dependencies": {
				"source-map": {
					"version": "0.6.1",
					"peer": true
				}
			}
		},
		"sourcemap-codec": {
			"version": "1.4.8"
		},
		"sprintf-js": {
			"version": "1.0.3",
			"dev": true
		},
		"string-width": {
			"version": "4.2.3",
			"dev": true,
			"requires": {
				"emoji-regex": "^8.0.0",
				"is-fullwidth-code-point": "^3.0.0",
				"strip-ansi": "^6.0.1"
			}
		},
		"strip-ansi": {
			"version": "6.0.1",
			"dev": true,
			"requires": {
				"ansi-regex": "^5.0.1"
			}
		},
		"strip-indent": {
			"version": "3.0.0",
			"dev": true,
			"requires": {
				"min-indent": "^1.0.0"
			}
		},
		"strip-json-comments": {
			"version": "3.1.1",
			"dev": true
		},
		"supports-color": {
			"version": "7.2.0",
			"dev": true,
			"requires": {
				"has-flag": "^4.0.0"
			}
		},
		"svelte": {
			"version": "3.43.2",
			"resolved": "https://registry.npmjs.org/svelte/-/svelte-3.43.2.tgz",
			"integrity": "sha512-Lj+TJfSeod8UGnoG2opysdlCy4MCck/hHQsZwtNPXdYTwLTz+WC37QwewPhZtd+h3dpfps4h9QzFxWGVI4tzQw==",
			"dev": true
		},
		"svelte-check": {
			"version": "2.2.7",
			"dev": true,
			"requires": {
				"chalk": "^4.0.0",
				"chokidar": "^3.4.1",
				"fast-glob": "^3.2.7",
				"import-fresh": "^3.2.1",
				"minimist": "^1.2.5",
				"sade": "^1.7.4",
				"source-map": "^0.7.3",
				"svelte-preprocess": "^4.0.0",
				"typescript": "*"
			}
		},
		"svelte-filepond": {
			"version": "0.2.0",
			"resolved": "https://registry.npmjs.org/svelte-filepond/-/svelte-filepond-0.2.0.tgz",
			"integrity": "sha512-0VxMWgyZSFnApJ0gWT43OvNQ7hpAZI4InrHRQZCe+pw5ZtLiBS4+XZxpX84sOv1wHN6Jhrw1h/0nw+9+4neyuw=="
		},
		"svelte-hmr": {
			"version": "0.14.7",
			"resolved": "https://registry.npmjs.org/svelte-hmr/-/svelte-hmr-0.14.7.tgz",
			"integrity": "sha512-pDrzgcWSoMaK6AJkBWkmgIsecW0GChxYZSZieIYfCP0v2oPyx2CYU/zm7TBIcjLVUPP714WxmViE9Thht4etog==",
			"dev": true
		},
		"svelte-preprocess": {
			"version": "4.9.8",
			"dev": true,
			"requires": {
				"@types/pug": "^2.0.4",
				"@types/sass": "^1.16.0",
				"detect-indent": "^6.0.0",
				"magic-string": "^0.25.7",
				"sorcery": "^0.10.0",
				"strip-indent": "^3.0.0"
			}
		},
		"sveltestrap": {
			"version": "5.6.3",
			"requires": {
				"@popperjs/core": "^2.9.2"
			}
		},
		"table": {
			"version": "6.7.2",
			"dev": true,
			"requires": {
				"ajv": "^8.0.1",
				"lodash.clonedeep": "^4.5.0",
				"lodash.truncate": "^4.4.2",
				"slice-ansi": "^4.0.0",
				"string-width": "^4.2.3",
				"strip-ansi": "^6.0.1"
			},
			"dependencies": {
				"ajv": {
					"version": "8.6.3",
					"dev": true,
					"requires": {
						"fast-deep-equal": "^3.1.1",
						"json-schema-traverse": "^1.0.0",
						"require-from-string": "^2.0.2",
						"uri-js": "^4.2.2"
					}
				},
				"json-schema-traverse": {
					"version": "1.0.0",
					"dev": true
				}
			}
		},
		"text-table": {
			"version": "0.2.0",
			"dev": true
		},
		"to-fast-properties": {
			"version": "2.0.0",
			"peer": true
		},
		"to-regex-range": {
			"version": "5.0.1",
			"devOptional": true,
			"requires": {
				"is-number": "^7.0.0"
			}
		},
		"ts-node": {
			"version": "10.3.0",
			"dev": true,
			"requires": {
				"@cspotcode/source-map-support": "0.7.0",
				"@tsconfig/node10": "^1.0.7",
				"@tsconfig/node12": "^1.0.7",
				"@tsconfig/node14": "^1.0.0",
				"@tsconfig/node16": "^1.0.2",
				"acorn": "^8.4.1",
				"acorn-walk": "^8.1.1",
				"arg": "^4.1.0",
				"create-require": "^1.1.0",
				"diff": "^4.0.1",
				"make-error": "^1.1.1",
				"yn": "3.1.1"
			},
			"dependencies": {
				"acorn": {
					"version": "8.5.0",
					"dev": true
				}
			}
		},
		"tslib": {
			"version": "2.3.1",
			"dev": true
		},
		"tsutils": {
			"version": "3.21.0",
			"dev": true,
			"requires": {
				"tslib": "^1.8.1"
			},
			"dependencies": {
				"tslib": {
					"version": "1.14.1",
					"dev": true
				}
			}
		},
		"type-check": {
			"version": "0.4.0",
			"dev": true,
			"requires": {
				"prelude-ls": "^1.2.1"
			}
		},
		"type-fest": {
			"version": "0.20.2",
			"dev": true
		},
		"typescript": {
			"version": "4.4.4",
			"resolved": "https://registry.npmjs.org/typescript/-/typescript-4.4.4.tgz",
			"integrity": "sha512-DqGhF5IKoBl8WNf8C1gu8q0xZSInh9j1kJJMqT3a94w1JzVaBU4EXOSMrz9yDqMT0xt3selp83fuFMQ0uzv6qA==",
			"dev": true
		},
		"unicode-canonical-property-names-ecmascript": {
			"version": "2.0.0",
			"peer": true
		},
		"unicode-match-property-ecmascript": {
			"version": "2.0.0",
			"peer": true,
			"requires": {
				"unicode-canonical-property-names-ecmascript": "^2.0.0",
				"unicode-property-aliases-ecmascript": "^2.0.0"
			}
		},
		"unicode-match-property-value-ecmascript": {
			"version": "2.0.0",
			"peer": true
		},
		"unicode-property-aliases-ecmascript": {
			"version": "2.0.0",
			"peer": true
		},
		"uri-js": {
			"version": "4.4.1",
			"dev": true,
			"requires": {
				"punycode": "^2.1.0"
			}
		},
		"v8-compile-cache": {
			"version": "2.3.0",
			"dev": true
		},
		"vite": {
			"version": "2.6.7",
			"resolved": "https://registry.npmjs.org/vite/-/vite-2.6.7.tgz",
			"integrity": "sha512-ewk//jve9k6vlU8PfJmWUHN8k0YYdw4VaKOMvoQ3nT2Pb6k5OSMKQi4jPOzVH/TlUqMsCrq7IJ80xcuDDVyigg==",
			"dev": true,
			"requires": {
				"esbuild": "^0.13.2",
				"fsevents": "~2.3.2",
				"postcss": "^8.3.8",
				"resolve": "^1.20.0",
				"rollup": "^2.57.0"
			}
		},
		"which": {
			"version": "2.0.2",
			"dev": true,
			"requires": {
				"isexe": "^2.0.0"
			}
		},
		"word-wrap": {
			"version": "1.2.3",
			"dev": true
		},
		"wrappy": {
			"version": "1.0.2"
		},
		"yallist": {
			"version": "4.0.0",
			"dev": true
		},
		"yn": {
			"version": "3.1.1",
			"dev": true
		}
	}
}
